github.com/ParkhomenkoDV/substance v0.0.0-20260621160344-5429b4cd5626 h1:NC+7DLRtmSH4y3QR6Akx38+HK6t1fQA906qec+XpDrI=
github.com/ParkhomenkoDV/substance v0.0.0-20260621160344-5429b4cd5626/go.mod h1:4aJrtE8yeMk95fRv+/pUFXxq3eDb9Wom3qp8SPoXmhc=
github.com/ParkhomenkoDV/thermodynamics v0.0.0-20260616124537-de38c7331030 h1:Ze24ffK+s6szl9fuMdPWGL802q6Qp8H2XPBt72evk9k=
github.com/ParkhomenkoDV/thermodynamics v0.0.0-20260616124537-de38c7331030/go.mod h1:uV6HbgL/T8nudcHVOUuS8xed12TlVquqgnIAVf1PEKA=
golang.org/x/tools v0.46.0 h1:7jTurBkPZu4moS/Uy4OQT1M+QBlsj3wejyZwsT8Z7rk=
golang.org/x/tools v0.46.0/go.mod h1:FrD85F8l+NWL+9XWBSyVSHO6Ne4jutsfIFba7AWQ5Ys=
gonum.org/v1/gonum v0.17.0 h1:VbpOemQlsSMrYmn7T2OUvQ4dqxQXU+ouZFQsZOx50z4=
gonum.org/v1/gonum v0.17.0/go.mod h1:El3tOrEuMpv2UdMrbNlKEh9vd86bmQ6vqIcDwxEOc1E=
